
Microsoft Visual Studio Solution File, Format Version 12.00
# Visual Studio Version 17
VisualStudioVersion = 17.9.34728.123
MinimumVisualStudioVersion = 10.0.40219.1
Project("{FAE04EC0-301F-11D3-BF4B-00C04F79EFBC}") = "WebApplication4", "WebApplication4\WebApplication4.csproj", "{341A1ACC-2C75-4B4F-A360-88F885F99FA5}"
EndProject
Global
	GlobalSection(SolutionConfigurationPlatforms) = preSolution
		Debug|Any CPU = Debug|Any CPU
		Release|Any CPU = Release|Any CPU
	EndGlobalSection
	GlobalSection(ProjectConfigurationPlatforms) = postSolution
		{341A1ACC-2C75-4B4F-A360-88F885F99FA5}.Debug|Any CPU.ActiveCfg = Debug|Any CPU
		{341A1ACC-2C75-4B4F-A360-88F885F99FA5}.Debug|Any CPU.Build.0 = Debug|Any CPU
		{341A1ACC-2C75-4B4F-A360-88F885F99FA5}.Release|Any CPU.ActiveCfg = Release|Any CPU
		{341A1ACC-2C75-4B4F-A360-88F885F99FA5}.Release|Any CPU.Build.0 = Release|Any CPU
	EndGlobalSection
	GlobalSection(SolutionProperties) = preSolution
		HideSolutionNode = FALSE
	EndGlobalSection
	GlobalSection(ExtensibilityGlobals) = postSolution
		SolutionGuid = {FD379FA2-E35A-4783-982E-BA22EDFB73FE}
	EndGlobalSection
EndGlobal
